
Microsoft Visual Studio Solution File, Format Version 12.00
# Visual Studio 15
VisualStudioVersion = 15.0.26124.0
MinimumVisualStudioVersion = 15.0.26124.0
Project("{2150E333-8FDC-42A3-9474-1A3956D46DE8}") = "src", "src", "{406F5241-EF12-4726-B02B-DA782758435C}"
EndProject
Project("{FAE04EC0-301F-11D3-BF4B-00C04F79EFBC}") = "WebApi", "src\WebApi\WebApi.csproj", "{A9A04323-F755-4906-B663-6DFEF19EE607}"
EndProject
Project("{2150E333-8FDC-42A3-9474-1A3956D46DE8}") = "tests", "tests", "{A46738EF-08EA-493F-A120-88AD4CC4780B}"
EndProject
Project("{FAE04EC0-301F-11D3-BF4B-00C04F79EFBC}") = "Tests", "tests\Tests\Tests.csproj", "{8CFBEDA7-28C6-4219-B20E-B8CE6C9E9F7D}"
EndProject
Global
	GlobalSection(SolutionConfigurationPlatforms) = preSolution
		Debug|Any CPU = Debug|Any CPU
		Debug|x64 = Debug|x64
		Debug|x86 = Debug|x86
		Release|Any CPU = Release|Any CPU
		Release|x64 = Release|x64
		Release|x86 = Release|x86
	EndGlobalSection
	GlobalSection(SolutionProperties) = preSolution
		HideSolutionNode = FALSE
	EndGlobalSection
	GlobalSection(ProjectConfigurationPlatforms) = postSolution
		{A9A04323-F755-4906-B663-6DFEF19EE607}.Debug|Any CPU.ActiveCfg = Debug|Any CPU
		{A9A04323-F755-4906-B663-6DFEF19EE607}.Debug|Any CPU.Build.0 = Debug|Any CPU
		{A9A04323-F755-4906-B663-6DFEF19EE607}.Debug|x64.ActiveCfg = Debug|Any CPU
		{A9A04323-F755-4906-B663-6DFEF19EE607}.Debug|x64.Build.0 = Debug|Any CPU
		{A9A04323-F755-4906-B663-6DFEF19EE607}.Debug|x86.ActiveCfg = Debug|Any CPU
		{A9A04323-F755-4906-B663-6DFEF19EE607}.Debug|x86.Build.0 = Debug|Any CPU
		{A9A04323-F755-4906-B663-6DFEF19EE607}.Release|Any CPU.ActiveCfg = Release|Any CPU
		{A9A04323-F755-4906-B663-6DFEF19EE607}.Release|Any CPU.Build.0 = Release|Any CPU
		{A9A04323-F755-4906-B663-6DFEF19EE607}.Release|x64.ActiveCfg = Release|Any CPU
		{A9A04323-F755-4906-B663-6DFEF19EE607}.Release|x64.Build.0 = Release|Any CPU
		{A9A04323-F755-4906-B663-6DFEF19EE607}.Release|x86.ActiveCfg = Release|Any CPU
		{A9A04323-F755-4906-B663-6DFEF19EE607}.Release|x86.Build.0 = Release|Any CPU
		{8CFBEDA7-28C6-4219-B20E-B8CE6C9E9F7D}.Debug|Any CPU.ActiveCfg = Debug|Any CPU
		{8CFBEDA7-28C6-4219-B20E-B8CE6C9E9F7D}.Debug|Any CPU.Build.0 = Debug|Any CPU
		{8CFBEDA7-28C6-4219-B20E-B8CE6C9E9F7D}.Debug|x64.ActiveCfg = Debug|Any CPU
		{8CFBEDA7-28C6-4219-B20E-B8CE6C9E9F7D}.Debug|x64.Build.0 = Debug|Any CPU
		{8CFBEDA7-28C6-4219-B20E-B8CE6C9E9F7D}.Debug|x86.ActiveCfg = Debug|Any CPU
		{8CFBEDA7-28C6-4219-B20E-B8CE6C9E9F7D}.Debug|x86.Build.0 = Debug|Any CPU
		{8CFBEDA7-28C6-4219-B20E-B8CE6C9E9F7D}.Release|Any CPU.ActiveCfg = Release|Any CPU
		{8CFBEDA7-28C6-4219-B20E-B8CE6C9E9F7D}.Release|Any CPU.Build.0 = Release|Any CPU
		{8CFBEDA7-28C6-4219-B20E-B8CE6C9E9F7D}.Release|x64.ActiveCfg = Release|Any CPU
		{8CFBEDA7-28C6-4219-B20E-B8CE6C9E9F7D}.Release|x64.Build.0 = Release|Any CPU
		{8CFBEDA7-28C6-4219-B20E-B8CE6C9E9F7D}.Release|x86.ActiveCfg = Release|Any CPU
		{8CFBEDA7-28C6-4219-B20E-B8CE6C9E9F7D}.Release|x86.Build.0 = Release|Any CPU
	EndGlobalSection
	GlobalSection(NestedProjects) = preSolution
		{A9A04323-F755-4906-B663-6DFEF19EE607} = {406F5241-EF12-4726-B02B-DA782758435C}
		{8CFBEDA7-28C6-4219-B20E-B8CE6C9E9F7D} = {A46738EF-08EA-493F-A120-88AD4CC4780B}
	EndGlobalSection
EndGlobal
